{
  "nodes": {
    "nixpkgs": {
      "locked": {
        "lastModified": 1730263733,
        "narHash": "sha256-rW8zHYnSV/Fd77cLE2LUCodgeMm63kJg+kpwkz+YRSM=",
        "path": "/nix/store/i7s4ddi1zk3szlhp043v1hfw2nx1k22s-source",
        "rev": "0446c3c20dc6cf3bf9780817ff15da44a2939a72",
        "type": "path"
      },
      "original": {
        "id": "nixpkgs",
        "type": "indirect"
      }
    },
    "root": {
      "inputs": {
        "nixpkgs": "nixpkgs"
      }
    }
  },
  "root": "root",
  "version": 7
}
